PODS:
  - Action (3.0.0):
    - RxCocoa (~> 3.4.0)
    - RxSwift (~> 3.4.0)
  - Kingfisher (3.6.2)
  - ObjectMapper (2.2.6)
  - RxCocoa (3.4.0):
    - RxSwift (~> 3.4)
  - RxSwift (3.4.0)
  - SamuraiTransition (0.5)

DEPENDENCIES:
  - Action
  - Kingfisher (~> 3.0)
  - ObjectMapper (~> 2.2)
  - RxCocoa (~> 3.0)
  - RxSwift (~> 3.0)
  - SamuraiTransition

SPEC CHECKSUMS:
  Action: fed388b9160ad787a58cb34b5064db6dbaae7e45
  Kingfisher: 2c94e72c6830622c71d06adf4ea024c37d316830
  ObjectMapper: 042708195cc46c20871cbcbec0453826398273fd
  RxCocoa: d14ef6b6029e1ddc6e966508c09289090de68ff9
  RxSwift: 3789a1af753002a14edecdb698a2424624296a9c
  SamuraiTransition: 5f7b7d1df490cb3b20641712cfb30003aa0d4397

PODFILE CHECKSUM: 736c2582ae079545680c39332f707e20df39a137

COCOAPODS: 1.2.0
