// !$*UTF8*$!
{
	archiveVersion = 1;
	classes = {
	};
	objectVersion = 46;
	objects = {

/* Begin PBXBuildFile section */
		4641AD2554EC350542DFC764 /* Pods_iOS_MVVMC_Architecture.framework in Frameworks */ = {isa = PBXBuildFile; fileRef = 5EFA598582076608870D4A1B /* Pods_iOS_MVVMC_Architecture.framework */; };
		ADF5D40C1EBF5593009E9F60 /* UIVIewController+RxExtension.swift in Sources */ = {isa = PBXBuildFile; fileRef = ADF5D40B1EBF5593009E9F60 /* UIVIewController+RxExtension.swift */; };
		ADF5D40F1EC1F763009E9F60 /* Coordinator.swift in Sources */ = {isa = PBXBuildFile; fileRef = ADF5D40E1EC1F763009E9F60 /* Coordinator.swift */; };
		ADF5D4111EC1F7FC009E9F60 /* AppCoordinator.swift in Sources */ = {isa = PBXBuildFile; fileRef = ADF5D4101EC1F7FC009E9F60 /* AppCoordinator.swift */; };
		C2577AB91EC1D0AC008E55C7 /* Storyboard+Extension.swift in Sources */ = {isa = PBXBuildFile; fileRef = C2577AB81EC1D0AC008E55C7 /* Storyboard+Extension.swift */; };
		C2577ABB1EC1D98E008E55C7 /* ReusableViewControllerProtocol.swift in Sources */ = {isa = PBXBuildFile; fileRef = C2577ABA1EC1D98E008E55C7 /* ReusableViewControllerProtocol.swift */; };
		C2577AC41EC32BF8008E55C7 /* Presentable.swift in Sources */ = {isa = PBXBuildFile; fileRef = C2577AC31EC32BF8008E55C7 /* Presentable.swift */; };
		C2577AC61EC32C89008E55C7 /* Router.swift in Sources */ = {isa = PBXBuildFile; fileRef = C2577AC51EC32C89008E55C7 /* Router.swift */; };
		C2577AC81EC33235008E55C7 /* RouterImpl.swift in Sources */ = {isa = PBXBuildFile; fileRef = C2577AC71EC33235008E55C7 /* RouterImpl.swift */; };
		C2577ACA1EC45DB7008E55C7 /* TabbarController.storyboard in Resources */ = {isa = PBXBuildFile; fileRef = C2577AC91EC45DB7008E55C7 /* TabbarController.storyboard */; };
		C2577ACC1EC569B0008E55C7 /* BaseCoordinator.swift in Sources */ = {isa = PBXBuildFile; fileRef = C2577ACB1EC569B0008E55C7 /* BaseCoordinator.swift */; };
		C2577AD01EC56EF9008E55C7 /* TabbarViewProtocol.swift in Sources */ = {isa = PBXBuildFile; fileRef = C2577ACF1EC56EF9008E55C7 /* TabbarViewProtocol.swift */; };
		C2577AD21EC5700A008E55C7 /* TabbarCoordinator.swift in Sources */ = {isa = PBXBuildFile; fileRef = C2577AD11EC5700A008E55C7 /* TabbarCoordinator.swift */; };
		C2577AD41EC570B4008E55C7 /* DependencyCoordinatorProtocol.swift in Sources */ = {isa = PBXBuildFile; fileRef = C2577AD31EC570B4008E55C7 /* DependencyCoordinatorProtocol.swift */; };
		C2577AD71EC571F3008E55C7 /* CoordinatorFactory.swift in Sources */ = {isa = PBXBuildFile; fileRef = C2577AD61EC571F3008E55C7 /* CoordinatorFactory.swift */; };
		C2577AD91EC5725C008E55C7 /* CoordinatorFactoryImpl.swift in Sources */ = {isa = PBXBuildFile; fileRef = C2577AD81EC5725C008E55C7 /* CoordinatorFactoryImpl.swift */; };
		C2577ADC1EC5731A008E55C7 /* TabbarController.swift in Sources */ = {isa = PBXBuildFile; fileRef = C2577ADB1EC5731A008E55C7 /* TabbarController.swift */; };
		C2577ADF1EC5B99B008E55C7 /* HomeTimeLineViewController.storyboard in Resources */ = {isa = PBXBuildFile; fileRef = C2577ADE1EC5B99B008E55C7 /* HomeTimeLineViewController.storyboard */; };
		C2577AE11EC5BA16008E55C7 /* HomeTimeLineViewController.swift in Sources */ = {isa = PBXBuildFile; fileRef = C2577AE01EC5BA16008E55C7 /* HomeTimeLineViewController.swift */; };
		C2577AE31EC5C253008E55C7 /* TimeLineViewProtocol.swift in Sources */ = {isa = PBXBuildFile; fileRef = C2577AE21EC5C253008E55C7 /* TimeLineViewProtocol.swift */; };
		C2577AE51EC5C663008E55C7 /* HomeTimeLineViewFactory.swift in Sources */ = {isa = PBXBuildFile; fileRef = C2577AE41EC5C663008E55C7 /* HomeTimeLineViewFactory.swift */; };
		C2577AE71EC5C6C5008E55C7 /* ViewFactoryImpl.swift in Sources */ = {isa = PBXBuildFile; fileRef = C2577AE61EC5C6C5008E55C7 /* ViewFactoryImpl.swift */; };
		C2577AE91EC5C90D008E55C7 /* HomeTimeLineCoordinator.swift in Sources */ = {isa = PBXBuildFile; fileRef = C2577AE81EC5C90D008E55C7 /* HomeTimeLineCoordinator.swift */; };
		C2577AED1EC9AAA5008E55C7 /* UIViewController+ViewLifeCycle.swift in Sources */ = {isa = PBXBuildFile; fileRef = C2577AEC1EC9AAA5008E55C7 /* UIViewController+ViewLifeCycle.swift */; };
		C2577AEF1EC9B9E3008E55C7 /* TimeLineViewModel.swift in Sources */ = {isa = PBXBuildFile; fileRef = C2577AEE1EC9B9E3008E55C7 /* TimeLineViewModel.swift */; };
		C27C6C0D1EA8BA940018A423 /* AppDelegate.swift in Sources */ = {isa = PBXBuildFile; fileRef = C27C6C0C1EA8BA940018A423 /* AppDelegate.swift */; };
		C27C6C0F1EA8BA940018A423 /* ViewController.swift in Sources */ = {isa = PBXBuildFile; fileRef = C27C6C0E1EA8BA940018A423 /* ViewController.swift */; };
		C27C6C121EA8BA940018A423 /* Main.storyboard in Resources */ = {isa = PBXBuildFile; fileRef = C27C6C101EA8BA940018A423 /* Main.storyboard */; };
		C27C6C141EA8BA940018A423 /* Assets.xcassets in Resources */ = {isa = PBXBuildFile; fileRef = C27C6C131EA8BA940018A423 /* Assets.xcassets */; };
		C27C6C171EA8BA940018A423 /* LaunchScreen.storyboard in Resources */ = {isa = PBXBuildFile; fileRef = C27C6C151EA8BA940018A423 /* LaunchScreen.storyboard */; };
		C27C6C221EA8BA940018A423 /* iOS_MVVMC_ArchitectureTests.swift in Sources */ = {isa = PBXBuildFile; fileRef = C27C6C211EA8BA940018A423 /* iOS_MVVMC_ArchitectureTests.swift */; };
		C27C6C301EA8C2BE0018A423 /* AuthenticateTwitter.swift in Sources */ = {isa = PBXBuildFile; fileRef = C27C6C2F1EA8C2BE0018A423 /* AuthenticateTwitter.swift */; };
		C27C6C321EA8D5AC0018A423 /* TwitterRequestProtocol.swift in Sources */ = {isa = PBXBuildFile; fileRef = C27C6C311EA8D5AC0018A423 /* TwitterRequestProtocol.swift */; };
		C27C6C341EA8DFEE0018A423 /* HomeTimelineRequest.swift in Sources */ = {isa = PBXBuildFile; fileRef = C27C6C331EA8DFEE0018A423 /* HomeTimelineRequest.swift */; };
		C2814A751EAE124600A11462 /* User.swift in Sources */ = {isa = PBXBuildFile; fileRef = C2814A741EAE124600A11462 /* User.swift */; };
		C2814A771EAE19B900A11462 /* Tweet.swift in Sources */ = {isa = PBXBuildFile; fileRef = C2814A761EAE19B900A11462 /* Tweet.swift */; };
		C2814A791EAE1F5500A11462 /* TwitterApiClient.swift in Sources */ = {isa = PBXBuildFile; fileRef = C2814A781EAE1F5500A11462 /* TwitterApiClient.swift */; };
		C2814A7B1EAE1F9000A11462 /* Translator.swift in Sources */ = {isa = PBXBuildFile; fileRef = C2814A7A1EAE1F9000A11462 /* Translator.swift */; };
		C2814A7D1EAE1FDA00A11462 /* ValueObjectTranslator.swift in Sources */ = {isa = PBXBuildFile; fileRef = C2814A7C1EAE1FDA00A11462 /* ValueObjectTranslator.swift */; };
		C2814A851EAF3DB500A11462 /* TwitterRequestProtocol+Translator.swift in Sources */ = {isa = PBXBuildFile; fileRef = C2814A841EAF3DB500A11462 /* TwitterRequestProtocol+Translator.swift */; };
		C2814A871EAF473C00A11462 /* NetworkValidator.swift in Sources */ = {isa = PBXBuildFile; fileRef = C2814A861EAF473C00A11462 /* NetworkValidator.swift */; };
		C2814A891EAF476200A11462 /* Validator.swift in Sources */ = {isa = PBXBuildFile; fileRef = C2814A881EAF476200A11462 /* Validator.swift */; };
		C2814A8B1EAF4B4900A11462 /* TwitterRequest+Validator.swift in Sources */ = {isa = PBXBuildFile; fileRef = C2814A8A1EAF4B4900A11462 /* TwitterRequest+Validator.swift */; };
		C2D603EC1EB07620003D64F9 /* HomeTimeLineViewModel.swift in Sources */ = {isa = PBXBuildFile; fileRef = C2D603EB1EB07620003D64F9 /* HomeTimeLineViewModel.swift */; };
/* End PBXBuildFile section */

/* Begin PBXContainerItemProxy section */
		C27C6C1E1EA8BA940018A423 /* PBXContainerItemProxy */ = {
			isa = PBXContainerItemProxy;
			containerPortal = C27C6C011EA8BA940018A423 /* Project object */;
			proxyType = 1;
			remoteGlobalIDString = C27C6C081EA8BA940018A423;
			remoteInfo = "iOS-MVVMC-Architecture";
		};
/* End PBXContainerItemProxy section */

/* Begin PBXFileReference section */
		09D4B0C4CCE59B35B17E27F3 /* Pods-iOS-MVVMC-Architecture.debug.xcconfig */ = {isa = PBXFileReference; includeInIndex = 1; lastKnownFileType = text.xcconfig; name = "Pods-iOS-MVVMC-Architecture.debug.xcconfig"; path = "Pods/Target Support Files/Pods-iOS-MVVMC-Architecture/Pods-iOS-MVVMC-Architecture.debug.xcconfig"; sourceTree = "<group>"; };
		5EFA598582076608870D4A1B /* Pods_iOS_MVVMC_Architecture.framework */ = {isa = PBXFileReference; explicitFileType = wrapper.framework; includeInIndex = 0; path = Pods_iOS_MVVMC_Architecture.framework; sourceTree = BUILT_PRODUCTS_DIR; };
		ADF5D40B1EBF5593009E9F60 /* UIVIewController+RxExtension.swift */ = {isa = PBXFileReference; fileEncoding = 4; lastKnownFileType = sourcecode.swift; path = "UIVIewController+RxExtension.swift"; sourceTree = "<group>"; };
		ADF5D40E1EC1F763009E9F60 /* Coordinator.swift */ = {isa = PBXFileReference; fileEncoding = 4; lastKnownFileType = sourcecode.swift; path = Coordinator.swift; sourceTree = "<group>"; };
		ADF5D4101EC1F7FC009E9F60 /* AppCoordinator.swift */ = {isa = PBXFileReference; fileEncoding = 4; lastKnownFileType = sourcecode.swift; path = AppCoordinator.swift; sourceTree = "<group>"; };
		BBF18F7CBAF7FA627BF6CFEC /* Pods-iOS-MVVMC-Architecture.release.xcconfig */ = {isa = PBXFileReference; includeInIndex = 1; lastKnownFileType = text.xcconfig; name = "Pods-iOS-MVVMC-Architecture.release.xcconfig"; path = "Pods/Target Support Files/Pods-iOS-MVVMC-Architecture/Pods-iOS-MVVMC-Architecture.release.xcconfig"; sourceTree = "<group>"; };
		C2577AB81EC1D0AC008E55C7 /* Storyboard+Extension.swift */ = {isa = PBXFileReference; fileEncoding = 4; lastKnownFileType = sourcecode.swift; path = "Storyboard+Extension.swift"; sourceTree = "<group>"; };
		C2577ABA1EC1D98E008E55C7 /* ReusableViewControllerProtocol.swift */ = {isa = PBXFileReference; fileEncoding = 4; lastKnownFileType = sourcecode.swift; path = ReusableViewControllerProtocol.swift; sourceTree = "<group>"; };
		C2577AC31EC32BF8008E55C7 /* Presentable.swift */ = {isa = PBXFileReference; fileEncoding = 4; lastKnownFileType = sourcecode.swift; path = Presentable.swift; sourceTree = "<group>"; };
		C2577AC51EC32C89008E55C7 /* Router.swift */ = {isa = PBXFileReference; fileEncoding = 4; lastKnownFileType = sourcecode.swift; path = Router.swift; sourceTree = "<group>"; };
		C2577AC71EC33235008E55C7 /* RouterImpl.swift */ = {isa = PBXFileReference; fileEncoding = 4; lastKnownFileType = sourcecode.swift; path = RouterImpl.swift; sourceTree = "<group>"; };
		C2577AC91EC45DB7008E55C7 /* TabbarController.storyboard */ = {isa = PBXFileReference; fileEncoding = 4; lastKnownFileType = file.storyboard; path = TabbarController.storyboard; sourceTree = "<group>"; };
		C2577ACB1EC569B0008E55C7 /* BaseCoordinator.swift */ = {isa = PBXFileReference; fileEncoding = 4; lastKnownFileType = sourcecode.swift; path = BaseCoordinator.swift; sourceTree = "<group>"; };
		C2577ACF1EC56EF9008E55C7 /* TabbarViewProtocol.swift */ = {isa = PBXFileReference; fileEncoding = 4; lastKnownFileType = sourcecode.swift; path = TabbarViewProtocol.swift; sourceTree = "<group>"; };
		C2577AD11EC5700A008E55C7 /* TabbarCoordinator.swift */ = {isa = PBXFileReference; fileEncoding = 4; lastKnownFileType = sourcecode.swift; path = TabbarCoordinator.swift; sourceTree = "<group>"; };
		C2577AD31EC570B4008E55C7 /* DependencyCoordinatorProtocol.swift */ = {isa = PBXFileReference; fileEncoding = 4; lastKnownFileType = sourcecode.swift; path = DependencyCoordinatorProtocol.swift; sourceTree = "<group>"; };
		C2577AD61EC571F3008E55C7 /* CoordinatorFactory.swift */ = {isa = PBXFileReference; fileEncoding = 4; lastKnownFileType = sourcecode.swift; path = CoordinatorFactory.swift; sourceTree = "<group>"; };
		C2577AD81EC5725C008E55C7 /* CoordinatorFactoryImpl.swift */ = {isa = PBXFileReference; fileEncoding = 4; lastKnownFileType = sourcecode.swift; path = CoordinatorFactoryImpl.swift; sourceTree = "<group>"; };
		C2577ADB1EC5731A008E55C7 /* TabbarController.swift */ = {isa = PBXFileReference; fileEncoding = 4; lastKnownFileType = sourcecode.swift; path = TabbarController.swift; sourceTree = "<group>"; };
		C2577ADE1EC5B99B008E55C7 /* HomeTimeLineViewController.storyboard */ = {isa = PBXFileReference; fileEncoding = 4; lastKnownFileType = file.storyboard; path = HomeTimeLineViewController.storyboard; sourceTree = "<group>"; };
		C2577AE01EC5BA16008E55C7 /* HomeTimeLineViewController.swift */ = {isa = PBXFileReference; fileEncoding = 4; lastKnownFileType = sourcecode.swift; path = HomeTimeLineViewController.swift; sourceTree = "<group>"; };
		C2577AE21EC5C253008E55C7 /* TimeLineViewProtocol.swift */ = {isa = PBXFileReference; fileEncoding = 4; lastKnownFileType = sourcecode.swift; path = TimeLineViewProtocol.swift; sourceTree = "<group>"; };
		C2577AE41EC5C663008E55C7 /* HomeTimeLineViewFactory.swift */ = {isa = PBXFileReference; fileEncoding = 4; lastKnownFileType = sourcecode.swift; path = HomeTimeLineViewFactory.swift; sourceTree = "<group>"; };
		C2577AE61EC5C6C5008E55C7 /* ViewFactoryImpl.swift */ = {isa = PBXFileReference; fileEncoding = 4; lastKnownFileType = sourcecode.swift; path = ViewFactoryImpl.swift; sourceTree = "<group>"; };
		C2577AE81EC5C90D008E55C7 /* HomeTimeLineCoordinator.swift */ = {isa = PBXFileReference; fileEncoding = 4; lastKnownFileType = sourcecode.swift; path = HomeTimeLineCoordinator.swift; sourceTree = "<group>"; };
		C2577AEC1EC9AAA5008E55C7 /* UIViewController+ViewLifeCycle.swift */ = {isa = PBXFileReference; fileEncoding = 4; lastKnownFileType = sourcecode.swift; path = "UIViewController+ViewLifeCycle.swift"; sourceTree = "<group>"; };
		C2577AEE1EC9B9E3008E55C7 /* TimeLineViewModel.swift */ = {isa = PBXFileReference; fileEncoding = 4; lastKnownFileType = sourcecode.swift; path = TimeLineViewModel.swift; sourceTree = "<group>"; };
		C27C6C091EA8BA940018A423 /* iOS-MVVMC-Architecture.app */ = {isa = PBXFileReference; explicitFileType = wrapper.application; includeInIndex = 0; path = "iOS-MVVMC-Architecture.app"; sourceTree = BUILT_PRODUCTS_DIR; };
		C27C6C0C1EA8BA940018A423 /* AppDelegate.swift */ = {isa = PBXFileReference; lastKnownFileType = sourcecode.swift; path = AppDelegate.swift; sourceTree = "<group>"; };
		C27C6C0E1EA8BA940018A423 /* ViewController.swift */ = {isa = PBXFileReference; lastKnownFileType = sourcecode.swift; path = ViewController.swift; sourceTree = "<group>"; };
		C27C6C111EA8BA940018A423 /* Base */ = {isa = PBXFileReference; lastKnownFileType = file.storyboard; name = Base; path = Base.lproj/Main.storyboard; sourceTree = "<group>"; };
		C27C6C131EA8BA940018A423 /* Assets.xcassets */ = {isa = PBXFileReference; lastKnownFileType = folder.assetcatalog; path = Assets.xcassets; sourceTree = "<group>"; };
		C27C6C161EA8BA940018A423 /* Base */ = {isa = PBXFileReference; lastKnownFileType = file.storyboard; name = Base; path = Base.lproj/LaunchScreen.storyboard; sourceTree = "<group>"; };
		C27C6C181EA8BA940018A423 /* Info.plist */ = {isa = PBXFileReference; lastKnownFileType = text.plist.xml; path = Info.plist; sourceTree = "<group>"; };
		C27C6C1D1EA8BA940018A423 /* iOS-MVVMC-ArchitectureTests.xctest */ = {isa = PBXFileReference; explicitFileType = wrapper.cfbundle; includeInIndex = 0; path = "iOS-MVVMC-ArchitectureTests.xctest"; sourceTree = BUILT_PRODUCTS_DIR; };
		C27C6C211EA8BA940018A423 /* iOS_MVVMC_ArchitectureTests.swift */ = {isa = PBXFileReference; lastKnownFileType = sourcecode.swift; path = iOS_MVVMC_ArchitectureTests.swift; sourceTree = "<group>"; };
		C27C6C231EA8BA940018A423 /* Info.plist */ = {isa = PBXFileReference; lastKnownFileType = text.plist.xml; path = Info.plist; sourceTree = "<group>"; };
		C27C6C2F1EA8C2BE0018A423 /* AuthenticateTwitter.swift */ = {isa = PBXFileReference; fileEncoding = 4; lastKnownFileType = sourcecode.swift; path = AuthenticateTwitter.swift; sourceTree = "<group>"; };
		C27C6C311EA8D5AC0018A423 /* TwitterRequestProtocol.swift */ = {isa = PBXFileReference; fileEncoding = 4; lastKnownFileType = sourcecode.swift; path = TwitterRequestProtocol.swift; sourceTree = "<group>"; };
		C27C6C331EA8DFEE0018A423 /* HomeTimelineRequest.swift */ = {isa = PBXFileReference; fileEncoding = 4; lastKnownFileType = sourcecode.swift; path = HomeTimelineRequest.swift; sourceTree = "<group>"; };
		C2814A741EAE124600A11462 /* User.swift */ = {isa = PBXFileReference; fileEncoding = 4; lastKnownFileType = sourcecode.swift; path = User.swift; sourceTree = "<group>"; };
		C2814A761EAE19B900A11462 /* Tweet.swift */ = {isa = PBXFileReference; fileEncoding = 4; lastKnownFileType = sourcecode.swift; path = Tweet.swift; sourceTree = "<group>"; };
		C2814A781EAE1F5500A11462 /* TwitterApiClient.swift */ = {isa = PBXFileReference; fileEncoding = 4; lastKnownFileType = sourcecode.swift; path = TwitterApiClient.swift; sourceTree = "<group>"; };
		C2814A7A1EAE1F9000A11462 /* Translator.swift */ = {isa = PBXFileReference; fileEncoding = 4; lastKnownFileType = sourcecode.swift; path = Translator.swift; sourceTree = "<group>"; };
		C2814A7C1EAE1FDA00A11462 /* ValueObjectTranslator.swift */ = {isa = PBXFileReference; fileEncoding = 4; lastKnownFileType = sourcecode.swift; path = ValueObjectTranslator.swift; sourceTree = "<group>"; };
		C2814A841EAF3DB500A11462 /* TwitterRequestProtocol+Translator.swift */ = {isa = PBXFileReference; fileEncoding = 4; lastKnownFileType = sourcecode.swift; path = "TwitterRequestProtocol+Translator.swift"; sourceTree = "<group>"; };
		C2814A861EAF473C00A11462 /* NetworkValidator.swift */ = {isa = PBXFileReference; fileEncoding = 4; lastKnownFileType = sourcecode.swift; path = NetworkValidator.swift; sourceTree = "<group>"; };
		C2814A881EAF476200A11462 /* Validator.swift */ = {isa = PBXFileReference; fileEncoding = 4; lastKnownFileType = sourcecode.swift; path = Validator.swift; sourceTree = "<group>"; };
		C2814A8A1EAF4B4900A11462 /* TwitterRequest+Validator.swift */ = {isa = PBXFileReference; fileEncoding = 4; lastKnownFileType = sourcecode.swift; path = "TwitterRequest+Validator.swift"; sourceTree = "<group>"; };
		C2D603EB1EB07620003D64F9 /* HomeTimeLineViewModel.swift */ = {isa = PBXFileReference; fileEncoding = 4; lastKnownFileType = sourcecode.swift; path = HomeTimeLineViewModel.swift; sourceTree = "<group>"; };
/* End PBXFileReference section */

/* Begin PBXFrameworksBuildPhase section */
		C27C6C061EA8BA940018A423 /* Frameworks */ = {
			isa = PBXFrameworksBuildPhase;
			buildActionMask = 2147483647;
			files = (
				4641AD2554EC350542DFC764 /* Pods_iOS_MVVMC_Architecture.framework in Frameworks */,
			);
			runOnlyForDeploymentPostprocessing = 0;
		};
		C27C6C1A1EA8BA940018A423 /* Frameworks */ = {
			isa = PBXFrameworksBuildPhase;
			buildActionMask = 2147483647;
			files = (
			);
			runOnlyForDeploymentPostprocessing = 0;
		};
/* End PBXFrameworksBuildPhase section */

/* Begin PBXGroup section */
		2FCAD59609F519D4758AE9C7 /* Frameworks */ = {
			isa = PBXGroup;
			children = (
				5EFA598582076608870D4A1B /* Pods_iOS_MVVMC_Architecture.framework */,
			);
			name = Frameworks;
			sourceTree = "<group>";
		};
		ADF5D40A1EBF555E009E9F60 /* Extension */ = {
			isa = PBXGroup;
			children = (
				ADF5D40B1EBF5593009E9F60 /* UIVIewController+RxExtension.swift */,
				C2577AB81EC1D0AC008E55C7 /* Storyboard+Extension.swift */,
				C2577ABA1EC1D98E008E55C7 /* ReusableViewControllerProtocol.swift */,
				C2577AEC1EC9AAA5008E55C7 /* UIViewController+ViewLifeCycle.swift */,
			);
			path = Extension;
			sourceTree = "<group>";
		};
		ADF5D40D1EC1F711009E9F60 /* Coordinator */ = {
			isa = PBXGroup;
			children = (
				C2577AD51EC571D4008E55C7 /* Factory */,
				C2577ACD1EC56E9F008E55C7 /* Flow */,
				C2577AC21EC32B94008E55C7 /* Router */,
				ADF5D40E1EC1F763009E9F60 /* Coordinator.swift */,
				C2577AD31EC570B4008E55C7 /* DependencyCoordinatorProtocol.swift */,
				C2577ACB1EC569B0008E55C7 /* BaseCoordinator.swift */,
				ADF5D4101EC1F7FC009E9F60 /* AppCoordinator.swift */,
			);
			path = Coordinator;
			sourceTree = "<group>";
		};
		ADF5D4161EC1FCDD009E9F60 /* Storyboard */ = {
			isa = PBXGroup;
			children = (
				C2577AC91EC45DB7008E55C7 /* TabbarController.storyboard */,
				C2577ADE1EC5B99B008E55C7 /* HomeTimeLineViewController.storyboard */,
			);
			path = Storyboard;
			sourceTree = "<group>";
		};
		C2577AC21EC32B94008E55C7 /* Router */ = {
			isa = PBXGroup;
			children = (
				C2577AC31EC32BF8008E55C7 /* Presentable.swift */,
				C2577AC51EC32C89008E55C7 /* Router.swift */,
				C2577AC71EC33235008E55C7 /* RouterImpl.swift */,
			);
			path = Router;
			sourceTree = "<group>";
		};
		C2577ACD1EC56E9F008E55C7 /* Flow */ = {
			isa = PBXGroup;
			children = (
				C2577ADD1EC5B882008E55C7 /* HomeTimeLineFlow */,
				C2577ACE1EC56EB8008E55C7 /* TabbarFlow */,
			);
			path = Flow;
			sourceTree = "<group>";
		};
		C2577ACE1EC56EB8008E55C7 /* TabbarFlow */ = {
			isa = PBXGroup;
			children = (
				C2577ACF1EC56EF9008E55C7 /* TabbarViewProtocol.swift */,
				C2577AD11EC5700A008E55C7 /* TabbarCoordinator.swift */,
			);
			path = TabbarFlow;
			sourceTree = "<group>";
		};
		C2577AD51EC571D4008E55C7 /* Factory */ = {
			isa = PBXGroup;
			children = (
				C2577AD61EC571F3008E55C7 /* CoordinatorFactory.swift */,
				C2577AD81EC5725C008E55C7 /* CoordinatorFactoryImpl.swift */,
				C2577AE41EC5C663008E55C7 /* HomeTimeLineViewFactory.swift */,
				C2577AE61EC5C6C5008E55C7 /* ViewFactoryImpl.swift */,
			);
			path = Factory;
			sourceTree = "<group>";
		};
		C2577ADA1EC572C2008E55C7 /* ViewController */ = {
			isa = PBXGroup;
			children = (
				C2577ADB1EC5731A008E55C7 /* TabbarController.swift */,
				C2577AE01EC5BA16008E55C7 /* HomeTimeLineViewController.swift */,
			);
			path = ViewController;
			sourceTree = "<group>";
		};
		C2577ADD1EC5B882008E55C7 /* HomeTimeLineFlow */ = {
			isa = PBXGroup;
			children = (
				C2577AE21EC5C253008E55C7 /* TimeLineViewProtocol.swift */,
				C2577AE81EC5C90D008E55C7 /* HomeTimeLineCoordinator.swift */,
			);
			path = HomeTimeLineFlow;
			sourceTree = "<group>";
		};
		C27C6C001EA8BA940018A423 = {
			isa = PBXGroup;
			children = (
				C27C6C0B1EA8BA940018A423 /* iOS-MVVMC-Architecture */,
				C27C6C201EA8BA940018A423 /* iOS-MVVMC-ArchitectureTests */,
				C27C6C0A1EA8BA940018A423 /* Products */,
				DE6030CE987F86E7363FD002 /* Pods */,
				2FCAD59609F519D4758AE9C7 /* Frameworks */,
			);
			sourceTree = "<group>";
		};
		C27C6C0A1EA8BA940018A423 /* Products */ = {
			isa = PBXGroup;
			children = (
				C27C6C091EA8BA940018A423 /* iOS-MVVMC-Architecture.app */,
				C27C6C1D1EA8BA940018A423 /* iOS-MVVMC-ArchitectureTests.xctest */,
			);
			name = Products;
			sourceTree = "<group>";
		};
		C27C6C0B1EA8BA940018A423 /* iOS-MVVMC-Architecture */ = {
			isa = PBXGroup;
			children = (
				ADF5D40D1EC1F711009E9F60 /* Coordinator */,
				ADF5D40A1EBF555E009E9F60 /* Extension */,
				C27C6C2E1EA8BB6A0018A423 /* ViewModel */,
				C27C6C2D1EA8BB520018A423 /* View */,
				C27C6C2C1EA8BB080018A423 /* Model */,
				C27C6C0C1EA8BA940018A423 /* AppDelegate.swift */,
				C27C6C0E1EA8BA940018A423 /* ViewController.swift */,
				C27C6C101EA8BA940018A423 /* Main.storyboard */,
				C27C6C131EA8BA940018A423 /* Assets.xcassets */,
				C27C6C151EA8BA940018A423 /* LaunchScreen.storyboard */,
				C27C6C181EA8BA940018A423 /* Info.plist */,
			);
			path = "iOS-MVVMC-Architecture";
			sourceTree = "<group>";
		};
		C27C6C201EA8BA940018A423 /* iOS-MVVMC-ArchitectureTests */ = {
			isa = PBXGroup;
			children = (
				C27C6C211EA8BA940018A423 /* iOS_MVVMC_ArchitectureTests.swift */,
				C27C6C231EA8BA940018A423 /* Info.plist */,
			);
			path = "iOS-MVVMC-ArchitectureTests";
			sourceTree = "<group>";
		};
		C27C6C2C1EA8BB080018A423 /* Model */ = {
			isa = PBXGroup;
			children = (
				C2814A731EAE105E00A11462 /* ValueObject */,
				C27C6C2F1EA8C2BE0018A423 /* AuthenticateTwitter.swift */,
				C27C6C311EA8D5AC0018A423 /* TwitterRequestProtocol.swift */,
				C2814A841EAF3DB500A11462 /* TwitterRequestProtocol+Translator.swift */,
				C2814A8A1EAF4B4900A11462 /* TwitterRequest+Validator.swift */,
				C27C6C331EA8DFEE0018A423 /* HomeTimelineRequest.swift */,
				C2814A781EAE1F5500A11462 /* TwitterApiClient.swift */,
				C2814A7A1EAE1F9000A11462 /* Translator.swift */,
				C2814A861EAF473C00A11462 /* NetworkValidator.swift */,
				C2814A881EAF476200A11462 /* Validator.swift */,
				C2814A7C1EAE1FDA00A11462 /* ValueObjectTranslator.swift */,
			);
			path = Model;
			sourceTree = "<group>";
		};
		C27C6C2D1EA8BB520018A423 /* View */ = {
			isa = PBXGroup;
			children = (
				C2577ADA1EC572C2008E55C7 /* ViewController */,
				ADF5D4161EC1FCDD009E9F60 /* Storyboard */,
			);
			path = View;
			sourceTree = "<group>";
		};
		C27C6C2E1EA8BB6A0018A423 /* ViewModel */ = {
			isa = PBXGroup;
			children = (
				C2D603EB1EB07620003D64F9 /* HomeTimeLineViewModel.swift */,
				C2577AEE1EC9B9E3008E55C7 /* TimeLineViewModel.swift */,
			);
			path = ViewModel;
			sourceTree = "<group>";
		};
		C2814A731EAE105E00A11462 /* ValueObject */ = {
			isa = PBXGroup;
			children = (
				C2814A741EAE124600A11462 /* User.swift */,
				C2814A761EAE19B900A11462 /* Tweet.swift */,
			);
			path = ValueObject;
			sourceTree = "<group>";
		};
		DE6030CE987F86E7363FD002 /* Pods */ = {
			isa = PBXGroup;
			children = (
				09D4B0C4CCE59B35B17E27F3 /* Pods-iOS-MVVMC-Architecture.debug.xcconfig */,
				BBF18F7CBAF7FA627BF6CFEC /* Pods-iOS-MVVMC-Architecture.release.xcconfig */,
			);
			name = Pods;
			sourceTree = "<group>";
		};
/* End PBXGroup section */

/* Begin PBXNativeTarget section */
		C27C6C081EA8BA940018A423 /* iOS-MVVMC-Architecture */ = {
			isa = PBXNativeTarget;
			buildConfigurationList = C27C6C261EA8BA940018A423 /* Build configuration list for PBXNativeTarget "iOS-MVVMC-Architecture" */;
			buildPhases = (
				9B175A08A148FC6000ADD10F /* [CP] Check Pods Manifest.lock */,
				C27C6C051EA8BA940018A423 /* Sources */,
				C27C6C061EA8BA940018A423 /* Frameworks */,
				C27C6C071EA8BA940018A423 /* Resources */,
				0FF603707780057BDBDE0D6B /* [CP] Embed Pods Frameworks */,
				EF5B73038BE2E5B675BF2E3C /* [CP] Copy Pods Resources */,
			);
			buildRules = (
			);
			dependencies = (
			);
			name = "iOS-MVVMC-Architecture";
			productName = "iOS-MVVMC-Architecture";
			productReference = C27C6C091EA8BA940018A423 /* iOS-MVVMC-Architecture.app */;
			productType = "com.apple.product-type.application";
		};
		C27C6C1C1EA8BA940018A423 /* iOS-MVVMC-ArchitectureTests */ = {
			isa = PBXNativeTarget;
			buildConfigurationList = C27C6C291EA8BA940018A423 /* Build configuration list for PBXNativeTarget "iOS-MVVMC-ArchitectureTests" */;
			buildPhases = (
				C27C6C191EA8BA940018A423 /* Sources */,
				C27C6C1A1EA8BA940018A423 /* Frameworks */,
				C27C6C1B1EA8BA940018A423 /* Resources */,
			);
			buildRules = (
			);
			dependencies = (
				C27C6C1F1EA8BA940018A423 /* PBXTargetDependency */,
			);
			name = "iOS-MVVMC-ArchitectureTests";
			productName = "iOS-MVVMC-ArchitectureTests";
			productReference = C27C6C1D1EA8BA940018A423 /* iOS-MVVMC-ArchitectureTests.xctest */;
			productType = "com.apple.product-type.bundle.unit-test";
		};
/* End PBXNativeTarget section */

/* Begin PBXProject section */
		C27C6C011EA8BA940018A423 /* Project object */ = {
			isa = PBXProject;
			attributes = {
				LastSwiftUpdateCheck = 0830;
				LastUpgradeCheck = 0830;
				ORGANIZATIONNAME = hachinobu;
				TargetAttributes = {
					C27C6C081EA8BA940018A423 = {
						CreatedOnToolsVersion = 8.3.2;
						ProvisioningStyle = Automatic;
					};
					C27C6C1C1EA8BA940018A423 = {
						CreatedOnToolsVersion = 8.3.2;
						ProvisioningStyle = Automatic;
						TestTargetID = C27C6C081EA8BA940018A423;
					};
				};
			};
			buildConfigurationList = C27C6C041EA8BA940018A423 /* Build configuration list for PBXProject "iOS-MVVMC-Architecture" */;
			compatibilityVersion = "Xcode 3.2";
			developmentRegion = English;
			hasScannedForEncodings = 0;
			knownRegions = (
				en,
				Base,
			);
			mainGroup = C27C6C001EA8BA940018A423;
			productRefGroup = C27C6C0A1EA8BA940018A423 /* Products */;
			projectDirPath = "";
			projectRoot = "";
			targets = (
				C27C6C081EA8BA940018A423 /* iOS-MVVMC-Architecture */,
				C27C6C1C1EA8BA940018A423 /* iOS-MVVMC-ArchitectureTests */,
			);
		};
/* End PBXProject section */

/* Begin PBXResourcesBuildPhase section */
		C27C6C071EA8BA940018A423 /* Resources */ = {
			isa = PBXResourcesBuildPhase;
			buildActionMask = 2147483647;
			files = (
				C27C6C171EA8BA940018A423 /* LaunchScreen.storyboard in Resources */,
				C27C6C141EA8BA940018A423 /* Assets.xcassets in Resources */,
				C2577ADF1EC5B99B008E55C7 /* HomeTimeLineViewController.storyboard in Resources */,
				C2577ACA1EC45DB7008E55C7 /* TabbarController.storyboard in Resources */,
				C27C6C121EA8BA940018A423 /* Main.storyboard in Resources */,
			);
			runOnlyForDeploymentPostprocessing = 0;
		};
		C27C6C1B1EA8BA940018A423 /* Resources */ = {
			isa = PBXResourcesBuildPhase;
			buildActionMask = 2147483647;
			files = (
			);
			runOnlyForDeploymentPostprocessing = 0;
		};
/* End PBXResourcesBuildPhase section */

/* Begin PBXShellScriptBuildPhase section */
		0FF603707780057BDBDE0D6B /* [CP] Embed Pods Frameworks */ = {
			isa = PBXShellScriptBuildPhase;
			buildActionMask = 2147483647;
			files = (
			);
			inputPaths = (
			);
			name = "[CP] Embed Pods Frameworks";
			outputPaths = (
			);
			runOnlyForDeploymentPostprocessing = 0;
			shellPath = /bin/sh;
			shellScript = "\"${SRCROOT}/Pods/Target Support Files/Pods-iOS-MVVMC-Architecture/Pods-iOS-MVVMC-Architecture-frameworks.sh\"\n";
			showEnvVarsInLog = 0;
		};
		9B175A08A148FC6000ADD10F /* [CP] Check Pods Manifest.lock */ = {
			isa = PBXShellScriptBuildPhase;
			buildActionMask = 2147483647;
			files = (
			);
			inputPaths = (
			);
			name = "[CP] Check Pods Manifest.lock";
			outputPaths = (
			);
			runOnlyForDeploymentPostprocessing = 0;
			shellPath = /bin/sh;
			shellScript = "diff \"${PODS_ROOT}/../Podfile.lock\" \"${PODS_ROOT}/Manifest.lock\" > /dev/null\nif [ $? != 0 ] ; then\n    # print error to STDERR\n    echo \"error: The sandbox is not in sync with the Podfile.lock. Run 'pod install' or update your CocoaPods installation.\" >&2\n    exit 1\nfi\n";
			showEnvVarsInLog = 0;
		};
		EF5B73038BE2E5B675BF2E3C /* [CP] Copy Pods Resources */ = {
			isa = PBXShellScriptBuildPhase;
			buildActionMask = 2147483647;
			files = (
			);
			inputPaths = (
			);
			name = "[CP] Copy Pods Resources";
			outputPaths = (
			);
			runOnlyForDeploymentPostprocessing = 0;
			shellPath = /bin/sh;
			shellScript = "\"${SRCROOT}/Pods/Target Support Files/Pods-iOS-MVVMC-Architecture/Pods-iOS-MVVMC-Architecture-resources.sh\"\n";
			showEnvVarsInLog = 0;
		};
/* End PBXShellScriptBuildPhase section */

/* Begin PBXSourcesBuildPhase section */
		C27C6C051EA8BA940018A423 /* Sources */ = {
			isa = PBXSourcesBuildPhase;
			buildActionMask = 2147483647;
			files = (
				ADF5D40C1EBF5593009E9F60 /* UIVIewController+RxExtension.swift in Sources */,
				C27C6C0F1EA8BA940018A423 /* ViewController.swift in Sources */,
				C2577AD91EC5725C008E55C7 /* CoordinatorFactoryImpl.swift in Sources */,
				C2577AB91EC1D0AC008E55C7 /* Storyboard+Extension.swift in Sources */,
				C2577AD41EC570B4008E55C7 /* DependencyCoordinatorProtocol.swift in Sources */,
				C2814A871EAF473C00A11462 /* NetworkValidator.swift in Sources */,
				C2577AED1EC9AAA5008E55C7 /* UIViewController+ViewLifeCycle.swift in Sources */,
				C27C6C0D1EA8BA940018A423 /* AppDelegate.swift in Sources */,
				C2577ABB1EC1D98E008E55C7 /* ReusableViewControllerProtocol.swift in Sources */,
				ADF5D40F1EC1F763009E9F60 /* Coordinator.swift in Sources */,
				C2814A7D1EAE1FDA00A11462 /* ValueObjectTranslator.swift in Sources */,
				C2577AC41EC32BF8008E55C7 /* Presentable.swift in Sources */,
				C2577AE11EC5BA16008E55C7 /* HomeTimeLineViewController.swift in Sources */,
				C2814A8B1EAF4B4900A11462 /* TwitterRequest+Validator.swift in Sources */,
				C2814A891EAF476200A11462 /* Validator.swift in Sources */,
				C2577ADC1EC5731A008E55C7 /* TabbarController.swift in Sources */,
				C2577AE71EC5C6C5008E55C7 /* ViewFactoryImpl.swift in Sources */,
				C2814A751EAE124600A11462 /* User.swift in Sources */,
				C2814A771EAE19B900A11462 /* Tweet.swift in Sources */,
				C2577AC81EC33235008E55C7 /* RouterImpl.swift in Sources */,
				C2577AD01EC56EF9008E55C7 /* TabbarViewProtocol.swift in Sources */,
				C2577ACC1EC569B0008E55C7 /* BaseCoordinator.swift in Sources */,
				C2577AE51EC5C663008E55C7 /* HomeTimeLineViewFactory.swift in Sources */,
				ADF5D4111EC1F7FC009E9F60 /* AppCoordinator.swift in Sources */,
				C2577AE91EC5C90D008E55C7 /* HomeTimeLineCoordinator.swift in Sources */,
				C2814A7B1EAE1F9000A11462 /* Translator.swift in Sources */,
				C2577AC61EC32C89008E55C7 /* Router.swift in Sources */,
				C27C6C301EA8C2BE0018A423 /* AuthenticateTwitter.swift in Sources */,
				C2814A791EAE1F5500A11462 /* TwitterApiClient.swift in Sources */,
				C2577AE31EC5C253008E55C7 /* TimeLineViewProtocol.swift in Sources */,
				C2D603EC1EB07620003D64F9 /* HomeTimeLineViewModel.swift in Sources */,
				C2577AD71EC571F3008E55C7 /* CoordinatorFactory.swift in Sources */,
				C27C6C341EA8DFEE0018A423 /* HomeTimelineRequest.swift in Sources */,
				C2577AEF1EC9B9E3008E55C7 /* TimeLineViewModel.swift in Sources */,
				C2814A851EAF3DB500A11462 /* TwitterRequestProtocol+Translator.swift in Sources */,
				C2577AD21EC5700A008E55C7 /* TabbarCoordinator.swift in Sources */,
				C27C6C321EA8D5AC0018A423 /* TwitterRequestProtocol.swift in Sources */,
			);
			runOnlyForDeploymentPostprocessing = 0;
		};
		C27C6C191EA8BA940018A423 /* Sources */ = {
			isa = PBXSourcesBuildPhase;
			buildActionMask = 2147483647;
			files = (
				C27C6C221EA8BA940018A423 /* iOS_MVVMC_ArchitectureTests.swift in Sources */,
			);
			runOnlyForDeploymentPostprocessing = 0;
		};
/* End PBXSourcesBuildPhase section */

/* Begin PBXTargetDependency section */
		C27C6C1F1EA8BA940018A423 /* PBXTargetDependency */ = {
			isa = PBXTargetDependency;
			target = C27C6C081EA8BA940018A423 /* iOS-MVVMC-Architecture */;
			targetProxy = C27C6C1E1EA8BA940018A423 /* PBXContainerItemProxy */;
		};
/* End PBXTargetDependency section */

/* Begin PBXVariantGroup section */
		C27C6C101EA8BA940018A423 /* Main.storyboard */ = {
			isa = PBXVariantGroup;
			children = (
				C27C6C111EA8BA940018A423 /* Base */,
			);
			name = Main.storyboard;
			sourceTree = "<group>";
		};
		C27C6C151EA8BA940018A423 /* LaunchScreen.storyboard */ = {
			isa = PBXVariantGroup;
			children = (
				C27C6C161EA8BA940018A423 /* Base */,
			);
			name = LaunchScreen.storyboard;
			sourceTree = "<group>";
		};
/* End PBXVariantGroup section */

/* Begin XCBuildConfiguration section */
		C27C6C241EA8BA940018A423 /* Debug */ = {
			isa = XCBuildConfiguration;
			buildSettings = {
				ALWAYS_SEARCH_USER_PATHS = NO;
				CLANG_ANALYZER_NONNULL = YES;
				CLANG_ANALYZER_NUMBER_OBJECT_CONVERSION = YES_AGGRESSIVE;
				CLANG_CXX_LANGUAGE_STANDARD = "gnu++0x";
				CLANG_CXX_LIBRARY = "libc++";
				CLANG_ENABLE_MODULES = YES;
				CLANG_ENABLE_OBJC_ARC = YES;
				CLANG_WARN_BOOL_CONVERSION = YES;
				CLANG_WARN_CONSTANT_CONVERSION = YES;
				CLANG_WARN_DIRECT_OBJC_ISA_USAGE = YES_ERROR;
				CLANG_WARN_DOCUMENTATION_COMMENTS = YES;
				CLANG_WARN_EMPTY_BODY = YES;
				CLANG_WARN_ENUM_CONVERSION = YES;
				CLANG_WARN_INFINITE_RECURSION = YES;
				CLANG_WARN_INT_CONVERSION = YES;
				CLANG_WARN_OBJC_ROOT_CLASS = YES_ERROR;
				CLANG_WARN_SUSPICIOUS_MOVE = YES;
				CLANG_WARN_UNREACHABLE_CODE = YES;
				CLANG_WARN__DUPLICATE_METHOD_MATCH = YES;
				"CODE_SIGN_IDENTITY[sdk=iphoneos*]" = "iPhone Developer";
				COPY_PHASE_STRIP = NO;
				DEBUG_INFORMATION_FORMAT = dwarf;
				ENABLE_STRICT_OBJC_MSGSEND = YES;
				ENABLE_TESTABILITY = YES;
				GCC_C_LANGUAGE_STANDARD = gnu99;
				GCC_DYNAMIC_NO_PIC = NO;
				GCC_NO_COMMON_BLOCKS = YES;
				GCC_OPTIMIZATION_LEVEL = 0;
				GCC_PREPROCESSOR_DEFINITIONS = (
					"DEBUG=1",
					"$(inherited)",
				);
				GCC_WARN_64_TO_32_BIT_CONVERSION = YES;
				GCC_WARN_ABOUT_RETURN_TYPE = YES_ERROR;
				GCC_WARN_UNDECLARED_SELECTOR = YES;
				GCC_WARN_UNINITIALIZED_AUTOS = YES_AGGRESSIVE;
				GCC_WARN_UNUSED_FUNCTION = YES;
				GCC_WARN_UNUSED_VARIABLE = YES;
				IPHONEOS_DEPLOYMENT_TARGET = 10.3;
				MTL_ENABLE_DEBUG_INFO = YES;
				ONLY_ACTIVE_ARCH = YES;
				SDKROOT = iphoneos;
				SWIFT_ACTIVE_COMPILATION_CONDITIONS = DEBUG;
				SWIFT_OPTIMIZATION_LEVEL = "-Onone";
			};
			name = Debug;
		};
		C27C6C251EA8BA940018A423 /* Release */ = {
			isa = XCBuildConfiguration;
			buildSettings = {
				ALWAYS_SEARCH_USER_PATHS = NO;
				CLANG_ANALYZER_NONNULL = YES;
				CLANG_ANALYZER_NUMBER_OBJECT_CONVERSION = YES_AGGRESSIVE;
				CLANG_CXX_LANGUAGE_STANDARD = "gnu++0x";
				CLANG_CXX_LIBRARY = "libc++";
				CLANG_ENABLE_MODULES = YES;
				CLANG_ENABLE_OBJC_ARC = YES;
				CLANG_WARN_BOOL_CONVERSION = YES;
				CLANG_WARN_CONSTANT_CONVERSION = YES;
				CLANG_WARN_DIRECT_OBJC_ISA_USAGE = YES_ERROR;
				CLANG_WARN_DOCUMENTATION_COMMENTS = YES;
				CLANG_WARN_EMPTY_BODY = YES;
				CLANG_WARN_ENUM_CONVERSION = YES;
				CLANG_WARN_INFINITE_RECURSION = YES;
				CLANG_WARN_INT_CONVERSION = YES;
				CLANG_WARN_OBJC_ROOT_CLASS = YES_ERROR;
				CLANG_WARN_SUSPICIOUS_MOVE = YES;
				CLANG_WARN_UNREACHABLE_CODE = YES;
				CLANG_WARN__DUPLICATE_METHOD_MATCH = YES;
				"CODE_SIGN_IDENTITY[sdk=iphoneos*]" = "iPhone Developer";
				COPY_PHASE_STRIP = NO;
				DEBUG_INFORMATION_FORMAT = "dwarf-with-dsym";
				ENABLE_NS_ASSERTIONS = NO;
				ENABLE_STRICT_OBJC_MSGSEND = YES;
				GCC_C_LANGUAGE_STANDARD = gnu99;
				GCC_NO_COMMON_BLOCKS = YES;
				GCC_WARN_64_TO_32_BIT_CONVERSION = YES;
				GCC_WARN_ABOUT_RETURN_TYPE = YES_ERROR;
				GCC_WARN_UNDECLARED_SELECTOR = YES;
				GCC_WARN_UNINITIALIZED_AUTOS = YES_AGGRESSIVE;
				GCC_WARN_UNUSED_FUNCTION = YES;
				GCC_WARN_UNUSED_VARIABLE = YES;
				IPHONEOS_DEPLOYMENT_TARGET = 10.3;
				MTL_ENABLE_DEBUG_INFO = NO;
				SDKROOT = iphoneos;
				SWIFT_OPTIMIZATION_LEVEL = "-Owholemodule";
				VALIDATE_PRODUCT = YES;
			};
			name = Release;
		};
		C27C6C271EA8BA940018A423 /* Debug */ = {
			isa = XCBuildConfiguration;
			baseConfigurationReference = 09D4B0C4CCE59B35B17E27F3 /* Pods-iOS-MVVMC-Architecture.debug.xcconfig */;
			buildSettings = {
				ASSETCATALOG_COMPILER_APPICON_NAME = AppIcon;
				INFOPLIST_FILE = "iOS-MVVMC-Architecture/Info.plist";
				LD_RUNPATH_SEARCH_PATHS = "$(inherited) @executable_path/Frameworks";
				PRODUCT_BUNDLE_IDENTIFIER = "com.hachinobu.iOS-MVVMC-Architecture";
				PRODUCT_NAME = "$(TARGET_NAME)";
				SWIFT_VERSION = 3.0;
			};
			name = Debug;
		};
		C27C6C281EA8BA940018A423 /* Release */ = {
			isa = XCBuildConfiguration;
			baseConfigurationReference = BBF18F7CBAF7FA627BF6CFEC /* Pods-iOS-MVVMC-Architecture.release.xcconfig */;
			buildSettings = {
				ASSETCATALOG_COMPILER_APPICON_NAME = AppIcon;
				INFOPLIST_FILE = "iOS-MVVMC-Architecture/Info.plist";
				LD_RUNPATH_SEARCH_PATHS = "$(inherited) @executable_path/Frameworks";
				PRODUCT_BUNDLE_IDENTIFIER = "com.hachinobu.iOS-MVVMC-Architecture";
				PRODUCT_NAME = "$(TARGET_NAME)";
				SWIFT_VERSION = 3.0;
			};
			name = Release;
		};
		C27C6C2A1EA8BA940018A423 /* Debug */ = {
			isa = XCBuildConfiguration;
			buildSettings = {
				ALWAYS_EMBED_SWIFT_STANDARD_LIBRARIES = YES;
				BUNDLE_LOADER = "$(TEST_HOST)";
				INFOPLIST_FILE = "iOS-MVVMC-ArchitectureTests/Info.plist";
				LD_RUNPATH_SEARCH_PATHS = "$(inherited) @executable_path/Frameworks @loader_path/Frameworks";
				PRODUCT_BUNDLE_IDENTIFIER = "com.hachinobu.iOS-MVVMC-ArchitectureTests";
				PRODUCT_NAME = "$(TARGET_NAME)";
				SWIFT_VERSION = 3.0;
				TEST_HOST = "$(BUILT_PRODUCTS_DIR)/iOS-MVVMC-Architecture.app/iOS-MVVMC-Architecture";
			};
			name = Debug;
		};
		C27C6C2B1EA8BA940018A423 /* Release */ = {
			isa = XCBuildConfiguration;
			buildSettings = {
				ALWAYS_EMBED_SWIFT_STANDARD_LIBRARIES = YES;
				BUNDLE_LOADER = "$(TEST_HOST)";
				INFOPLIST_FILE = "iOS-MVVMC-ArchitectureTests/Info.plist";
				LD_RUNPATH_SEARCH_PATHS = "$(inherited) @executable_path/Frameworks @loader_path/Frameworks";
				PRODUCT_BUNDLE_IDENTIFIER = "com.hachinobu.iOS-MVVMC-ArchitectureTests";
				PRODUCT_NAME = "$(TARGET_NAME)";
				SWIFT_VERSION = 3.0;
				TEST_HOST = "$(BUILT_PRODUCTS_DIR)/iOS-MVVMC-Architecture.app/iOS-MVVMC-Architecture";
			};
			name = Release;
		};
/* End XCBuildConfiguration section */

/* Begin XCConfigurationList section */
		C27C6C041EA8BA940018A423 /* Build configuration list for PBXProject "iOS-MVVMC-Architecture" */ = {
			isa = XCConfigurationList;
			buildConfigurations = (
				C27C6C241EA8BA940018A423 /* Debug */,
				C27C6C251EA8BA940018A423 /* Release */,
			);
			defaultConfigurationIsVisible = 0;
			defaultConfigurationName = Release;
		};
		C27C6C261EA8BA940018A423 /* Build configuration list for PBXNativeTarget "iOS-MVVMC-Architecture" */ = {
			isa = XCConfigurationList;
			buildConfigurations = (
				C27C6C271EA8BA940018A423 /* Debug */,
				C27C6C281EA8BA940018A423 /* Release */,
			);
			defaultConfigurationIsVisible = 0;
			defaultConfigurationName = Release;
		};
		C27C6C291EA8BA940018A423 /* Build configuration list for PBXNativeTarget "iOS-MVVMC-ArchitectureTests" */ = {
			isa = XCConfigurationList;
			buildConfigurations = (
				C27C6C2A1EA8BA940018A423 /* Debug */,
				C27C6C2B1EA8BA940018A423 /* Release */,
			);
			defaultConfigurationIsVisible = 0;
			defaultConfigurationName = Release;
		};
/* End XCConfigurationList section */
	};
	rootObject = C27C6C011EA8BA940018A423 /* Project object */;
}
